
Microsoft Visual Studio Solution File, Format Version 12.00
# Visual Studio Version 16
VisualStudioVersion = 16.0.31019.35
MinimumVisualStudioVersion = 10.0.40219.1
Project("{FAE04EC0-301F-11D3-BF4B-00C04F79EFBC}") = "ReferenceTypes", "RefrenceType\ReferenceTypes.csproj", "{ECD6D24E-D7DF-4B22-B24A-B61FDEF89ED3}"
EndProject
Project("{FAE04EC0-301F-11D3-BF4B-00C04F79EFBC}") = "ValueTypes", "ValueTypes\ValueTypes.csproj", "{9AEF4C6F-6513-412E-B146-AD11FE33ACF5}"
EndProject
Project("{FAE04EC0-301F-11D3-BF4B-00C04F79EFBC}") = "Arithmetic", "Arithmetic\Arithmetic.csproj", "{0962671C-FA9D-44CB-949B-97F0ED3EB595}"
EndProject
Project("{FAE04EC0-301F-11D3-BF4B-00C04F79EFBC}") = "Comparison", "Comparison\Comparison.csproj", "{B6295313-44EE-42FE-B639-F3F962E88369}"
EndProject
Project("{FAE04EC0-301F-11D3-BF4B-00C04F79EFBC}") = "Conditionals", "Conditionals\Conditionals.csproj", "{98848389-F136-45A7-A48E-AFFA97C7FA15}"
EndProject
Project("{FAE04EC0-301F-11D3-BF4B-00C04F79EFBC}") = "LoopExamples", "LoopExamples\LoopExamples.csproj", "{DC7FED9A-57E7-45F1-8E1F-29A09115C752}"
EndProject
Project("{FAE04EC0-301F-11D3-BF4B-00C04F79EFBC}") = "Classes", "Classes\Classes.csproj", "{D0C34FBC-8E12-44BE-B45B-D96A399F1268}"
EndProject
Project("{FAE04EC0-301F-11D3-BF4B-00C04F79EFBC}") = "InheritanceClasses", "InheritanceClasses\InheritanceClasses.csproj", "{AC3DA3F9-5B74-412B-909E-41329B6BFE9B}"
EndProject
Global
	GlobalSection(SolutionConfigurationPlatforms) = preSolution
		Debug|Any CPU = Debug|Any CPU
		Release|Any CPU = Release|Any CPU
	EndGlobalSection
	GlobalSection(ProjectConfigurationPlatforms) = postSolution
		{ECD6D24E-D7DF-4B22-B24A-B61FDEF89ED3}.Debug|Any CPU.ActiveCfg = Debug|Any CPU
		{ECD6D24E-D7DF-4B22-B24A-B61FDEF89ED3}.Debug|Any CPU.Build.0 = Debug|Any CPU
		{ECD6D24E-D7DF-4B22-B24A-B61FDEF89ED3}.Release|Any CPU.ActiveCfg = Release|Any CPU
		{ECD6D24E-D7DF-4B22-B24A-B61FDEF89ED3}.Release|Any CPU.Build.0 = Release|Any CPU
		{9AEF4C6F-6513-412E-B146-AD11FE33ACF5}.Debug|Any CPU.ActiveCfg = Debug|Any CPU
		{9AEF4C6F-6513-412E-B146-AD11FE33ACF5}.Debug|Any CPU.Build.0 = Debug|Any CPU
		{9AEF4C6F-6513-412E-B146-AD11FE33ACF5}.Release|Any CPU.ActiveCfg = Release|Any CPU
		{9AEF4C6F-6513-412E-B146-AD11FE33ACF5}.Release|Any CPU.Build.0 = Release|Any CPU
		{0962671C-FA9D-44CB-949B-97F0ED3EB595}.Debug|Any CPU.ActiveCfg = Debug|Any CPU
		{0962671C-FA9D-44CB-949B-97F0ED3EB595}.Debug|Any CPU.Build.0 = Debug|Any CPU
		{0962671C-FA9D-44CB-949B-97F0ED3EB595}.Release|Any CPU.ActiveCfg = Release|Any CPU
		{0962671C-FA9D-44CB-949B-97F0ED3EB595}.Release|Any CPU.Build.0 = Release|Any CPU
		{B6295313-44EE-42FE-B639-F3F962E88369}.Debug|Any CPU.ActiveCfg = Debug|Any CPU
		{B6295313-44EE-42FE-B639-F3F962E88369}.Debug|Any CPU.Build.0 = Debug|Any CPU
		{B6295313-44EE-42FE-B639-F3F962E88369}.Release|Any CPU.ActiveCfg = Release|Any CPU
		{B6295313-44EE-42FE-B639-F3F962E88369}.Release|Any CPU.Build.0 = Release|Any CPU
		{98848389-F136-45A7-A48E-AFFA97C7FA15}.Debug|Any CPU.ActiveCfg = Debug|Any CPU
		{98848389-F136-45A7-A48E-AFFA97C7FA15}.Debug|Any CPU.Build.0 = Debug|Any CPU
		{98848389-F136-45A7-A48E-AFFA97C7FA15}.Release|Any CPU.ActiveCfg = Release|Any CPU
		{98848389-F136-45A7-A48E-AFFA97C7FA15}.Release|Any CPU.Build.0 = Release|Any CPU
		{DC7FED9A-57E7-45F1-8E1F-29A09115C752}.Debug|Any CPU.ActiveCfg = Debug|Any CPU
		{DC7FED9A-57E7-45F1-8E1F-29A09115C752}.Debug|Any CPU.Build.0 = Debug|Any CPU
		{DC7FED9A-57E7-45F1-8E1F-29A09115C752}.Release|Any CPU.ActiveCfg = Release|Any CPU
		{DC7FED9A-57E7-45F1-8E1F-29A09115C752}.Release|Any CPU.Build.0 = Release|Any CPU
		{D0C34FBC-8E12-44BE-B45B-D96A399F1268}.Debug|Any CPU.ActiveCfg = Debug|Any CPU
		{D0C34FBC-8E12-44BE-B45B-D96A399F1268}.Debug|Any CPU.Build.0 = Debug|Any CPU
		{D0C34FBC-8E12-44BE-B45B-D96A399F1268}.Release|Any CPU.ActiveCfg = Release|Any CPU
		{D0C34FBC-8E12-44BE-B45B-D96A399F1268}.Release|Any CPU.Build.0 = Release|Any CPU
		{AC3DA3F9-5B74-412B-909E-41329B6BFE9B}.Debug|Any CPU.ActiveCfg = Debug|Any CPU
		{AC3DA3F9-5B74-412B-909E-41329B6BFE9B}.Debug|Any CPU.Build.0 = Debug|Any CPU
		{AC3DA3F9-5B74-412B-909E-41329B6BFE9B}.Release|Any CPU.ActiveCfg = Release|Any CPU
		{AC3DA3F9-5B74-412B-909E-41329B6BFE9B}.Release|Any CPU.Build.0 = Release|Any CPU
	EndGlobalSection
	GlobalSection(SolutionProperties) = preSolution
		HideSolutionNode = FALSE
	EndGlobalSection
	GlobalSection(ExtensibilityGlobals) = postSolution
		SolutionGuid = {B654D8AD-3FB5-441C-BBEE-613764A5496B}
	EndGlobalSection
EndGlobal
