
Microsoft Visual Studio Solution File, Format Version 12.00
# Visual Studio Version 16
VisualStudioVersion = 16.0.31019.35
MinimumVisualStudioVersion = 10.0.40219.1
Project("{FAE04EC0-301F-11D3-BF4B-00C04F79EFBC}") = "ReferenceTypes", "RefrenceType\ReferenceTypes.csproj", "{ECD6D24E-D7DF-4B22-B24A-B61FDEF89ED3}"
EndProject
Project("{FAE04EC0-301F-11D3-BF4B-00C04F79EFBC}") = "ValueTypes", "ValueTypes\ValueTypes.csproj", "{9AEF4C6F-6513-412E-B146-AD11FE33ACF5}"
EndProject
Global
	GlobalSection(SolutionConfigurationPlatforms) = preSolution
		Debug|Any CPU = Debug|Any CPU
		Release|Any CPU = Release|Any CPU
	EndGlobalSection
	GlobalSection(ProjectConfigurationPlatforms) = postSolution
		{ECD6D24E-D7DF-4B22-B24A-B61FDEF89ED3}.Debug|Any CPU.ActiveCfg = Debug|Any CPU
		{ECD6D24E-D7DF-4B22-B24A-B61FDEF89ED3}.Debug|Any CPU.Build.0 = Debug|Any CPU
		{ECD6D24E-D7DF-4B22-B24A-B61FDEF89ED3}.Release|Any CPU.ActiveCfg = Release|Any CPU
		{ECD6D24E-D7DF-4B22-B24A-B61FDEF89ED3}.Release|Any CPU.Build.0 = Release|Any CPU
		{9AEF4C6F-6513-412E-B146-AD11FE33ACF5}.Debug|Any CPU.ActiveCfg = Debug|Any CPU
		{9AEF4C6F-6513-412E-B146-AD11FE33ACF5}.Debug|Any CPU.Build.0 = Debug|Any CPU
		{9AEF4C6F-6513-412E-B146-AD11FE33ACF5}.Release|Any CPU.ActiveCfg = Release|Any CPU
		{9AEF4C6F-6513-412E-B146-AD11FE33ACF5}.Release|Any CPU.Build.0 = Release|Any CPU
	EndGlobalSection
	GlobalSection(SolutionProperties) = preSolution
		HideSolutionNode = FALSE
	EndGlobalSection
	GlobalSection(ExtensibilityGlobals) = postSolution
		SolutionGuid = {B654D8AD-3FB5-441C-BBEE-613764A5496B}
	EndGlobalSection
EndGlobal
